# Locked Linux x86_64 / Python 3.12 environment. CUDA wheels use pinned official URLs.
certifi==2026.7.22 ; platform_machine == 'x86_64' and sys_platform == 'linux' \
    --hash=sha256:62f22742b58a1a33014a2b6b706588a8d7e2a88ae7bd1a6ebe8c992928483775 \
    --hash=sha256:741e2c3b351ddf169a738da9f2c048608ff7f2c5cc02f1ebc6b118bb090d5d55
charset-normalizer==3.5.1 ; platform_machine == 'x86_64' and sys_platform == 'linux' \
    --hash=sha256:1d1c7a53a6c2103925cdd6d7229f8c567379f211c869793df679f2e9f738c369 \
    --hash=sha256:2f293479cce755c75f1697e87c409b7ae4c555c7dfecb6e988ad13abba943031 \
    --hash=sha256:343fb4f2821043bd87095f7b08a1a181febc8e36ac64212143bbfd0a0e1bc235 \
    --hash=sha256:3588e376b3ea2eea84976f67273d679f229e24c66dce7b82ae45aef04ff6e072 \
    --hash=sha256:36047af20e17097c3bb9476c2b7655f2f7aa51322c0ba58c07695bedf755a950 \
    --hash=sha256:4abdc5f9ad448c1ecbfae2974b820535d6bc6e7eef63babbab3d81cf46968c71 \
    --hash=sha256:4b599739b93b2cbeded49645ae3c8d1405c29ddfbceac1545c87a3f9580a9e96 \
    --hash=sha256:4c4fb141a727957c93edfe5c32a26ceb6b5f6461d67146e2d39f51e16170bea8 \
    --hash=sha256:5d8531a6569d025f68e2321e7638fb7978f23db58e5f69f56913837aae03816e \
    --hash=sha256:6117b84ea48435e5356dc737f5121485c30920ba43375fa7b434fd753df0eac3 \
    --hash=sha256:6df0ec430f9a831772c23ca5a224cba36517a58a84bb32c32bb59a9fa67c47f6 \
    --hash=sha256:7235dc28fc6dd9d832ac7c7bce95367dedb85929f17368a0c2bee1e080b9acbf \
    --hash=sha256:7c0c10730342b0c9b35dd1d619beb8214e520bd96a1f870f452680b238aab3e0 \
    --hash=sha256:a6dac12ff6b846103483683f60c5f8fee205121adc58ffd87e90a90a3af69e99 \
    --hash=sha256:aae2ee51122d3ae968a3837d97dc24a0aeebb0dea23694422cd172bd30017cd6 \
    --hash=sha256:ae4a097991662cd4fff0ddc74e0fe7874f82e00042fa0ea00855645ed0c79598 \
    --hash=sha256:b39b69b347e5e47a3b5b8cfc005c68c1ba347474e3960236c4944a8ecd174962 \
    --hash=sha256:b9af956078716df40d985fb0dfeb2c2120c5ca92ba4ff4b388acfd01cdc14d08 \
    --hash=sha256:ba501e667c17d8411f98e67a022d9604ef179aff0e459b7e292c796837c13573 \
    --hash=sha256:e199fb99720074809a7720f1c0b4d919eea8b87e88713e0f8f602f7bef543d9d \
    --hash=sha256:e6621fb2a4988d6e53eedc455e5903e2679f3967b8acb3d639f1b63c14a2e893 \
    --hash=sha256:f9f8405c2c758532c74fed975dbee57be1f31a6e865c031870c79a6ed3212ada
contourpy==1.3.3 ; platform_machine == 'x86_64' and sys_platform == 'linux' \
    --hash=sha256:083e12155b210502d0bca491432bb04d56dc3432f95a979b429f2848c3dbe880 \
    --hash=sha256:459c1f020cd59fcfe6650180678a9993932d80d44ccde1fa1868977438f0b411 \
    --hash=sha256:4d00e655fcef08aba35ec9610536bfe90267d7ab5ba944f7032549c55a146da1 \
    --hash=sha256:626d60935cf668e70a5ce6ff184fd713e9683fb458898e4249b63be9e28286ea \
    --hash=sha256:b2e8faa0ed68cb29af51edd8e24798bb661eac3bd9f65420c1887b6ca89987c8
cycler==0.12.1 ; platform_machine == 'x86_64' and sys_platform == 'linux' \
    --hash=sha256:85cef7cff222d8644161529808465972e51340599459b8ac3ccbac5a854e0d30 \
    --hash=sha256:88bb128f02ba341da8ef447245a9e138fae777f6a23943da4540077d3601eb1c
filelock==3.32.3 ; platform_machine == 'x86_64' and sys_platform == 'linux' \
    --hash=sha256:0ffa185a3540854c95caa7fa76b76cb219d907415e2c5dc9af25fd970563487f \
    --hash=sha256:7f0ca4bcc0e181c60dbbd8aa9ab5b120ebb99e4e064e83636340056f833a1f09
fonttools==4.63.0 ; platform_machine == 'x86_64' and sys_platform == 'linux' \
    --hash=sha256:27fdc65af8da6f88b9c6121c47a464cbe359fcfff7ff6fc2d37a1f395d755b78 \
    --hash=sha256:445af2eab030a16b9171ea8bdda7ebf7d96bda2df88ee182a464252f6e05e20d \
    --hash=sha256:58dc6bb86a78d782f00f9190ca02c119cf5bbe2807536e361e18d42019f877d8 \
    --hash=sha256:caeb583deeb5168e694b65cda8b4ee62abedfa66cf88488734466f2366b9c4e0
fsspec==2026.7.0 ; platform_machine == 'x86_64' and sys_platform == 'linux' \
    --hash=sha256:b57ddbafedfaef7018c1ecab32aa200a9d7ca26b77965f64e48b70061249d279 \
    --hash=sha256:c803c40f4cf860b49dea58ee3e1c33cb9c790520e233537e1340049f89b82a88
idna==3.19 ; platform_machine == 'x86_64' and sys_platform == 'linux' \
    --hash=sha256:5e0811a4383b21dc5838069f801c4fb62113b7447663d2530d2bd6e77b49bf15 \
    --hash=sha256:815e7be7a7806d54abb586dc943addc79e8b2ee16915059658cbeff4b1b43bf4
jinja2==3.1.6 ; platform_machine == 'x86_64' and sys_platform == 'linux' \
    --hash=sha256:0137fb05990d35f1275a587e9aee6d56da821fc83491a0fb838183be43f66d6d \
    --hash=sha256:85ece4451f492d0c13c5dd7c13a64681a86afae63a5f347908daf103ce6d2f67
kiwisolver==1.5.0 ; platform_machine == 'x86_64' and sys_platform == 'linux' \
    --hash=sha256:1465387ac63576c3e125e5337a6892b9e99e0627d52317f3ca79e6930d889d15 \
    --hash=sha256:1d9daea4ea6b9be74fe2f01f7fbade8d6ffab263e781274cffca0dba9be9eec9 \
    --hash=sha256:530a3fd64c87cffa844d4b6b9768774763d9caa299e9b75d8eca6a4423b31314 \
    --hash=sha256:6ab8ba9152203feec73758dad83af9a0bbe05001eb4639e547207c40cfb52083 \
    --hash=sha256:b0f172dc8ffaccb8522d7c5d899de00133f2f1ca7b0a49b7da98e901de87bf2d \
    --hash=sha256:bb5136fb5352d3f422df33f0c879a1b0c204004324150cc3b5e3c4f310c9049f \
    --hash=sha256:c31c13da98624f957b0fb1b5bae5383b2333c2c3f6793d9825dd5ce79b525cb7 \
    --hash=sha256:cdee07c4d7f6d72008d3f73b9bf027f4e11550224c7c50d8df1ae4a37c1402a6 \
    --hash=sha256:d4193f3d9dc3f6f79aaed0e5637f45d98850ebf01f7ca20e69457f3e8946b66a \
    --hash=sha256:e315e5ec90d88e140f57696ff85b484ff68bb311e36f2c414aa4286293e6dee0
markupsafe==3.0.3 ; platform_machine == 'x86_64' and sys_platform == 'linux' \
    --hash=sha256:722695808f4b6457b320fdc131280796bdceb04ab50fe1795cd540799ebe1698 \
    --hash=sha256:77f0643abe7495da77fb436f50f8dab76dbc6e5fd25d39589a0f1fe6548bfa2b \
    --hash=sha256:83891d0e9fb81a825d9a6d61e3f07550ca70a076484292a70fde82c4b807286f \
    --hash=sha256:94c6f0bb423f739146aec64595853541634bde58b2135f27f61c1ffd1cd4d16a \
    --hash=sha256:d6dd0be5b5b189d31db7cda48b91d7e0a9795f31430b7f271219ab30f1d3ac9d
matplotlib==3.10.6 ; platform_machine == 'x86_64' and sys_platform == 'linux' \
    --hash=sha256:08f141d55148cd1fc870c3387d70ca4df16dee10e909b3b038782bd4bda6ea07 \
    --hash=sha256:56cd2d20842f58c03d2d6e6c1f1cf5548ad6f66b91e1e48f814e4fb5abd1cb95 \
    --hash=sha256:ec01b645840dd1996df21ee37f208cd8ba57644779fa20464010638013d3203c
mpmath==1.3.0 ; platform_machine == 'x86_64' and sys_platform == 'linux' \
    --hash=sha256:7a28eb2a9774d00c7bc92411c19a89209d5da7c4c9a9e227be8330a23a25b91f \
    --hash=sha256:a0b2b9fe80bbcd81a6647ff13108738cfb482d481d826cc0e02f5b35e5c88d2c
networkx==3.6.1 ; platform_machine == 'x86_64' and sys_platform == 'linux' \
    --hash=sha256:26b7c357accc0c8cde558ad486283728b65b6a95d85ee1cd66bafab4c8168509 \
    --hash=sha256:d47fbf302e7d9cbbb9e2555a0d267983d2aa476bac30e90dfbe5669bd57f3762
numpy==2.2.6 ; platform_machine == 'x86_64' and sys_platform == 'linux' \
    --hash=sha256:e29554e2bef54a90aa5cc07da6ce955accb83f21ab5de01a62c8478897b264fd \
    --hash=sha256:fd83c01228a688733f1ded5201c678f0c53ecc1006ffbc404db9f7a899ac6249 \
    --hash=sha256:fe27749d33bb772c80dcd84ae7e8df2adc920ae8297400dabec45f0dedb3f6de
nvidia-cublas-cu12==12.6.4.1 ; platform_machine == 'x86_64' and sys_platform == 'linux' \
    --hash=sha256:08ed2686e9875d01b58e3cb379c6896df8e76c75e0d4a7f7dace3d7b6d9ef8eb
nvidia-cuda-cupti-cu12==12.6.80 ; platform_machine == 'x86_64' and sys_platform == 'linux' \
    --hash=sha256:6768bad6cab4f19e8292125e5f1ac8aa7d1718704012a0e3272a6f61c4bce132 \
    --hash=sha256:a3eff6cdfcc6a4c35db968a06fcadb061cbc7d6dde548609a941ff8701b98b73
nvidia-cuda-nvrtc-cu12==12.6.77 ; platform_machine == 'x86_64' and sys_platform == 'linux' \
    --hash=sha256:35b0cc6ee3a9636d5409133e79273ce1f3fd087abb0532d2d2e8fff1fe9efc53
nvidia-cuda-runtime-cu12==12.6.77 ; platform_machine == 'x86_64' and sys_platform == 'linux' \
    --hash=sha256:a84d15d5e1da416dd4774cb42edf5e954a3e60cc945698dc1d5be02321c44dc8 \
    --hash=sha256:ba3b56a4f896141e25e19ab287cd71e52a6a0f4b29d0d31609f60e3b4d5219b7
nvidia-cudnn-cu12==9.10.2.21 ; platform_machine == 'x86_64' and sys_platform == 'linux' \
    --hash=sha256:949452be657fa16687d0930933f032835951ef0892b37d2d53824d1a84dc97a8
nvidia-cufft-cu12==11.3.0.4 ; platform_machine == 'x86_64' and sys_platform == 'linux' \
    --hash=sha256:768160ac89f6f7b459bee747e8d175dbf53619cfe74b2a5636264163138013ca \
    --hash=sha256:ccba62eb9cef5559abd5e0d54ceed2d9934030f51163df018532142a8ec533e5
nvidia-cufile-cu12==1.11.1.6 ; platform_machine == 'x86_64' and sys_platform == 'linux' \
    --hash=sha256:cc23469d1c7e52ce6c1d55253273d32c565dd22068647f3aa59b3c6b005bf159
nvidia-curand-cu12==10.3.7.77 ; platform_machine == 'x86_64' and sys_platform == 'linux' \
    --hash=sha256:99f1a32f1ac2bd134897fc7a203f779303261268a65762a623bf30cc9fe79117 \
    --hash=sha256:a42cd1344297f70b9e39a1e4f467a4e1c10f1da54ff7a85c12197f6c652c8bdf
nvidia-cusolver-cu12==11.7.1.2 ; platform_machine == 'x86_64' and sys_platform == 'linux' \
    --hash=sha256:6cf28f17f64107a0c4d7802be5ff5537b2130bfc112f25d5a30df227058ca0e6 \
    --hash=sha256:e9e49843a7707e42022babb9bcfa33c29857a93b88020c4e4434656a655b698c
nvidia-cusparse-cu12==12.5.4.2 ; platform_machine == 'x86_64' and sys_platform == 'linux' \
    --hash=sha256:23749a6571191a215cb74d1cdbff4a86e7b19f1200c071b3fcf844a5bea23a2f \
    --hash=sha256:7556d9eca156e18184b94947ade0fba5bb47d69cec46bf8660fd2c71a4b48b73
nvidia-cusparselt-cu12==0.7.1 ; platform_machine == 'x86_64' and sys_platform == 'linux' \
    --hash=sha256:f1bb701d6b930d5a7cea44c19ceb973311500847f81b634d802b7b539dc55623
nvidia-nccl-cu12==2.27.3 ; platform_machine == 'x86_64' and sys_platform == 'linux' \
    --hash=sha256:adf27ccf4238253e0b826bce3ff5fa532d65fc42322c8bfdfaf28024c0fbe039
nvidia-nvjitlink-cu12==12.6.85 ; platform_machine == 'x86_64' and sys_platform == 'linux' \
    --hash=sha256:eedc36df9e88b682efe4309aa16b5b4e78c2407eac59e8c10a6a47535164369a
nvidia-nvtx-cu12==12.6.77 ; platform_machine == 'x86_64' and sys_platform == 'linux' \
    --hash=sha256:6574241a3ec5fdc9334353ab8c479fe75841dbe8f4532a8fc97ce63503330ba1 \
    --hash=sha256:b90bed3df379fa79afbd21be8e04a0314336b8ae16768b58f2d34cb1d04cd7d2
opencv-python==4.12.0.88 ; platform_machine == 'x86_64' and sys_platform == 'linux' \
    --hash=sha256:092c16da4c5a163a818f120c22c5e4a2f96e0db4f24e659c701f1fe629a690f9 \
    --hash=sha256:8b738389cede219405f6f3880b851efa3415ccd674752219377353f017d2994d
packaging==26.3 ; platform_machine == 'x86_64' and sys_platform == 'linux' \
    --hash=sha256:94edc256424af38762eb31306eed28beb9f0efc50a8837492c9d6fd6004aed79 \
    --hash=sha256:d7193f7c8e4e93f444fde0262bf90af30e16fa0ad0ad44cb553c87339b23cd1c
pillow==11.3.0 ; platform_machine == 'x86_64' and sys_platform == 'linux' \
    --hash=sha256:3828ee7586cd0b2091b6209e5ad53e20d0649bbe87164a459d0676e035e8f523 \
    --hash=sha256:67172f2944ebba3d4a7b54f2e95c786a3a50c21b88456329314caaa28cda70f6 \
    --hash=sha256:676b2815362456b5b3216b4fd5bd89d362100dc6f4945154ff172e206a22c024 \
    --hash=sha256:6be31e3fc9a621e071bc17bb7de63b85cbe0bfae91bb0363c893cbe67247780d
polars==1.43.2 ; platform_machine == 'x86_64' and sys_platform == 'linux' \
    --hash=sha256:22aa0cb92a1ee2d60d6a15a638b2e8e0dd99aea21ac0cd8fb29da8e382e075a9 \
    --hash=sha256:c699671b99eb71ff53334d237917aaa3db5ad4dda480abcb6c80e0eaee7b677b
polars-runtime-32==1.43.2 ; platform_machine == 'x86_64' and sys_platform == 'linux' \
    --hash=sha256:452b400e59e7f56e4c6437f435e796903272a9388feee12de2bea049ae87025e \
    --hash=sha256:6d5a7ae004a2723ebf4427f6d6a639f30f86af4cf077075f6b35d04711154fc3 \
    --hash=sha256:d7b7c486bccee75a6af0158b87077da3d054657e3c60036b28644f4e1c7fdbf7
psutil==7.2.2 ; platform_machine == 'x86_64' and sys_platform == 'linux' \
    --hash=sha256:0746f5f8d406af344fd547f1c8daa5f5c33dbc293bb8d6a16d80b4bb88f59372 \
    --hash=sha256:076a2d2f923fd4821644f5ba89f059523da90dc9014e85f8e45a5774ca5bc6f9 \
    --hash=sha256:b58fabe35e80b264a4e3bb23e6b96f9e45a3df7fb7eed419ac0e5947c61e47cc
pyparsing==3.3.2 ; platform_machine == 'x86_64' and sys_platform == 'linux' \
    --hash=sha256:850ba148bd908d7e2411587e247a1e4f0327839c40e2e5e6d05a007ecc69911d \
    --hash=sha256:c777f4d763f140633dcb6d8a3eda953bf7a214dc4eff598413c070bcdc117cbc
python-dateutil==2.9.0.post0 ; platform_machine == 'x86_64' and sys_platform == 'linux' \
    --hash=sha256:37dd54208da7e1cd875388217d5e00ebd4179249f90fb72437e91a35459a0ad3 \
    --hash=sha256:a8b2bc7bffae282281c8140a97d3aa9c14da0b136dfe83f850eea9a5f7470427
pyyaml==6.0.3 ; platform_machine == 'x86_64' and sys_platform == 'linux' \
    --hash=sha256:41715c910c881bc081f1e8872880d3c650acf13dfa8214bad49ed4cede7c34ea \
    --hash=sha256:5fdec68f91a0c6739b380c83b951e2c72ac0197ace422360e6d5a959d8d97b2c \
    --hash=sha256:ba1cc08a7ccde2d2ec775841541641e4548226580ab850948cbfda66a1befcdc \
    --hash=sha256:d76623373421df22fb4cf8817020cbb7ef15c725b9d5e45f17e189bfc384190f
requests==2.34.2 ; platform_machine == 'x86_64' and sys_platform == 'linux' \
    --hash=sha256:2a0d60c172f83ac6ab31e4554906c0f3b3588d37b5cb939b1c061f4907e278e0 \
    --hash=sha256:f288924cae4e29463698d6d60bc6a4da69c89185ad1e0bcc4104f584e960b9ed
scipy==1.16.1 ; platform_machine == 'x86_64' and sys_platform == 'linux' \
    --hash=sha256:44c76f9e8b6e8e488a586190ab38016e4ed2f8a038af7cd3defa903c0a2238b3 \
    --hash=sha256:e8fd15fc5085ab4cca74cb91fe0a4263b1f32e4420761ddae531ad60934c2119 \
    --hash=sha256:f965bbf3235b01c776115ab18f092a95aa74c271a52577bcb0563e85738fd618
setuptools==84.0.0 ; platform_machine == 'x86_64' and sys_platform == 'linux' \
    --hash=sha256:51a52592b3b99e102b609654876bd65f19f999935166d1352678931132b0c670 \
    --hash=sha256:f4695c21257f0d9b537ec2692c941d02ee143b7cc1276941349a546573b2ef73
six==1.17.0 ; platform_machine == 'x86_64' and sys_platform == 'linux' \
    --hash=sha256:4721f391ed90541fddacab5acf947aa0d3dc7d27b2e1e8eda2be8970586c3274 \
    --hash=sha256:ff70335d468e7eb6ec65b95b99d3a2836546063f63acc5171de367e834932a81
sympy==1.14.0 ; platform_machine == 'x86_64' and sys_platform == 'linux' \
    --hash=sha256:d3d3fe8df1e5a0b42f0e7bdf50541697dbe7d23746e894990c030e2b05e72517 \
    --hash=sha256:e091cc3e99d2141a0ba2847328f5479b05d94a6635cb96148ccb3f34671bd8f5
torch @ https://download-r2.pytorch.org/whl/cu126/torch-2.8.0%2Bcu126-cp312-cp312-manylinux_2_28_x86_64.whl ; platform_machine == 'x86_64' and sys_platform == 'linux' \
    --hash=sha256:ce6e6a1f4803ad62d1fe51cec3fe5ca14bcd8bc7cace7b09d5590f8147fa16ad
torchvision @ https://download-r2.pytorch.org/whl/cu126/torchvision-0.23.0%2Bcu126-cp312-cp312-manylinux_2_28_x86_64.whl ; platform_machine == 'x86_64' and sys_platform == 'linux' \
    --hash=sha256:7351ffe7a49fe8ef391c5eef3fc4f6c1e6f15d0e25e83b41e9a07a23c201c57f
triton==3.4.0 ; platform_machine == 'x86_64' and sys_platform == 'linux' \
    --hash=sha256:31c1d84a5c0ec2c0f8e8a072d7fd150cab84a9c239eaddc6706c081bfae4eb04
typing-extensions==4.16.0 ; platform_machine == 'x86_64' and sys_platform == 'linux' \
    --hash=sha256:481caa481374e813c1b176ada14e97f1f67a4539ce9cfeb3f350d78d6370c2e8 \
    --hash=sha256:dc983d19a509c94dba722ee6abd33940f7c05a89e243c47e907eb4db6f1a43e5
ultralytics==8.3.200 ; platform_machine == 'x86_64' and sys_platform == 'linux' \
    --hash=sha256:630bcffb9f3980789dbe4fa026fa8a6db449af1aff002b1059c048b493cc1003 \
    --hash=sha256:adf3f1bc360a375a96a16231ff1d5407508f94ea13ea0c658c474650143ea920
ultralytics-thop==2.1.6 ; platform_machine == 'x86_64' and sys_platform == 'linux' \
    --hash=sha256:0ec2df8ebd3db35795e1f80cdc8bce6734446dbe989bca1b0c89396353f0f08c \
    --hash=sha256:23f7b8ad124fa3432c1a7de9279102c4fdda699216032a7dff49f87ec3d1a3af
urllib3==2.7.0 ; platform_machine == 'x86_64' and sys_platform == 'linux' \
    --hash=sha256:231e0ec3b63ceb14667c67be60f2f2c40a518cb38b03af60abc813da26505f4c \
    --hash=sha256:9fb4c81ebbb1ce9531cce37674bbc6f1360472bc18ca9a553ede278ef7276897
